{
  "version": "3",
  "packages": {
    "specifiers": {
      "npm:@react-email/components": "npm:@react-email/components@0.0.21_react@18.3.1",
      "npm:react": "npm:react@18.3.1",
      "npm:resend": "npm:resend@3.4.0"
    },
    "npm": {
      "@babel/runtime@7.24.7": {
        "integrity": "sha512-UwgBRMjJP+xv857DCngvqXI3Iq6J4v0wXmwc6sapg+zyhbwmQX67LUEFrkK5tbyJ30jGuG3ZvWpBiB9LCy1kWw==",
        "dependencies": {
          "regenerator-runtime": "regenerator-runtime@0.14.1"
        }
      },
      "@isaacs/cliui@8.0.2": {
        "integrity": "sha512-O8jcjabXaleOG9DQ0+ARXWZBTfnP4WNAqzuiJK7ll44AmxGKv/J2M4TPjxjY3znBCfvBXFzucm1twdyFybFqEA==",
        "dependencies": {
          "string-width": "string-width@5.1.2",
          "string-width-cjs": "string-width@4.2.3",
          "strip-ansi": "strip-ansi@7.1.0",
          "strip-ansi-cjs": "strip-ansi@6.0.1",
          "wrap-ansi": "wrap-ansi@8.1.0",
          "wrap-ansi-cjs": "wrap-ansi@7.0.0"
        }
      },
      "@one-ini/wasm@0.1.1": {
        "integrity": "sha512-XuySG1E38YScSJoMlqovLru4KTUNSjgVTIjyh7qMX6aNN5HY5Ct5LhRJdxO79JtTzKfzV/bnWpz+zquYrISsvw==",
        "dependencies": {}
      },
      "@pkgjs/parseargs@0.11.0": {
        "integrity": "sha512-+1VkjdD0QBLPodGrJUeqarH8VAIvQODIbwh9XpP5Syisf7YoQgsJKPNFoqqLQlu+VQ/tVSshMR6loPMn8U+dPg==",
        "dependencies": {}
      },
      "@radix-ui/react-compose-refs@1.0.1_react@18.3.1": {
        "integrity": "sha512-fDSBgd44FKHa1FRMU59qBMPFcl2PZE+2nmqunj+BWFyYYjnhIDWL2ItDs3rrbJDQOtzt5nIebLCQc4QRfz6LJw==",
        "dependencies": {
          "@babel/runtime": "@babel/runtime@7.24.7",
          "react": "react@18.3.1"
        }
      },
      "@radix-ui/react-slot@1.0.2_react@18.3.1": {
        "integrity": "sha512-YeTpuq4deV+6DusvVUW4ivBgnkHwECUu0BiN43L5UCDFgdhsRUWAghhTF5MbvNTPzmiFOx90asDSUjWuCNapwg==",
        "dependencies": {
          "@babel/runtime": "@babel/runtime@7.24.7",
          "@radix-ui/react-compose-refs": "@radix-ui/react-compose-refs@1.0.1_react@18.3.1",
          "react": "react@18.3.1"
        }
      },
      "@react-email/body@0.0.8_react@18.3.1": {
        "integrity": "sha512-gqdkNYlIaIw0OdpWu8KjIcQSIFvx7t2bZpXVxMMvBS859Ia1+1X3b5RNbjI3S1ZqLddUf7owOHkO4MiXGE+nxg==",
        "dependencies": {
          "react": "react@18.3.1"
        }
      },
      "@react-email/button@0.0.15_react@18.3.1": {
        "integrity": "sha512-9Zi6SO3E8PoHYDfcJTecImiHLyitYWmIRs0HE3Ogra60ZzlWP2EXu+AZqwQnhXuq+9pbgwBWNWxB5YPetNPTNA==",
        "dependencies": {
          "react": "react@18.3.1"
        }
      },
      "@react-email/code-block@0.0.5_react@18.3.1": {
        "integrity": "sha512-mmInpZsSIkNaYC1y40/S0XXrIqbTzrpllP6J1JMJuDOBG8l5T7pNl4V+gwfsSTvy9hVsuzQFmhHK8kVb1UXv3A==",
        "dependencies": {
          "prismjs": "prismjs@1.29.0",
          "react": "react@18.3.1"
        }
      },
      "@react-email/code-inline@0.0.2_react@18.3.1": {
        "integrity": "sha512-0cmgbbibFeOJl0q04K9jJlPDuJ+SEiX/OG6m3Ko7UOkG3TqjRD8Dtvkij6jNDVfUh/zESpqJCP2CxrCLLMUjdA==",
        "dependencies": {
          "react": "react@18.3.1"
        }
      },
      "@react-email/column@0.0.10_react@18.3.1": {
        "integrity": "sha512-MnP8Mnwipr0X3XtdD6jMLckb0sI5/IlS6Kl/2F6/rsSWBJy5Gg6nizlekTdkwDmy0kNSe3/1nGU0Zqo98pl63Q==",
        "dependencies": {
          "react": "react@18.3.1"
        }
      },
      "@react-email/components@0.0.21_react@18.3.1": {
        "integrity": "sha512-fwGfH7FF+iuq+IdPcbEO5HoF0Pakk9big+fFW9+3kiyvbSNuo8Io1rhPTMLd8q41XomN4g7mgWovdAeS/8PHrA==",
        "dependencies": {
          "@react-email/body": "@react-email/body@0.0.8_react@18.3.1",
          "@react-email/button": "@react-email/button@0.0.15_react@18.3.1",
          "@react-email/code-block": "@react-email/code-block@0.0.5_react@18.3.1",
          "@react-email/code-inline": "@react-email/code-inline@0.0.2_react@18.3.1",
          "@react-email/column": "@react-email/column@0.0.10_react@18.3.1",
          "@react-email/container": "@react-email/container@0.0.12_react@18.3.1",
          "@react-email/font": "@react-email/font@0.0.6_react@18.3.1",
          "@react-email/head": "@react-email/head@0.0.9_react@18.3.1",
          "@react-email/heading": "@react-email/heading@0.0.12_react@18.3.1",
          "@react-email/hr": "@react-email/hr@0.0.8_react@18.3.1",
          "@react-email/html": "@react-email/html@0.0.8_react@18.3.1",
          "@react-email/img": "@react-email/img@0.0.8_react@18.3.1",
          "@react-email/link": "@react-email/link@0.0.8_react@18.3.1",
          "@react-email/markdown": "@react-email/markdown@0.0.10_react@18.3.1",
          "@react-email/preview": "@react-email/preview@0.0.9_react@18.3.1",
          "@react-email/render": "@react-email/render@0.0.16_react@18.3.1_react-dom@18.3.1__react@18.3.1",
          "@react-email/row": "@react-email/row@0.0.8_react@18.3.1",
          "@react-email/section": "@react-email/section@0.0.12_react@18.3.1",
          "@react-email/tailwind": "@react-email/tailwind@0.0.18_react@18.3.1",
          "@react-email/text": "@react-email/text@0.0.8_react@18.3.1",
          "react": "react@18.3.1"
        }
      },
      "@react-email/container@0.0.12_react@18.3.1": {
        "integrity": "sha512-HFu8Pu5COPFfeZxSL+wKv/TV5uO/sp4zQ0XkRCdnGkj/xoq0lqOHVDL4yC2Pu6fxXF/9C3PHDA++5uEYV5WVJw==",
        "dependencies": {
          "react": "react@18.3.1"
        }
      },
      "@react-email/font@0.0.6_react@18.3.1": {
        "integrity": "sha512-sZZFvEZ4U3vNCAZ8wXqIO3DuGJR2qE/8m2fEH+tdqwa532zGO3zW+UlCTg0b9455wkJSzEBeaWik0IkNvjXzxw==",
        "dependencies": {
          "react": "react@18.3.1"
        }
      },
      "@react-email/head@0.0.9_react@18.3.1": {
        "integrity": "sha512-dF3Uv1qy3oh+IU2atXdv5Xk0hk2udOlMb1A/MNGngC0eHyoEV9ThA0XvhN7mm5x9dDLkVamoWUKXDtmkiuSRqQ==",
        "dependencies": {
          "react": "react@18.3.1"
        }
      },
      "@react-email/heading@0.0.12_react@18.3.1": {
        "integrity": "sha512-eB7mpnAvDmwvQLoPuwEiPRH4fPXWe6ltz6Ptbry2BlI88F0a2k11Ghb4+sZHBqg7vVw/MKbqEgtLqr3QJ/KfCQ==",
        "dependencies": {
          "@radix-ui/react-slot": "@radix-ui/react-slot@1.0.2_react@18.3.1",
          "react": "react@18.3.1"
        }
      },
      "@react-email/hr@0.0.8_react@18.3.1": {
        "integrity": "sha512-JLVvpCg2wYKEB+n/PGCggWG9fRU5e4lxsGdpK5SDLsCL0ic3OLKSpHMfeE+ZSuw0GixAVVQN7F64PVJHQkd4MQ==",
        "dependencies": {
          "react": "react@18.3.1"
        }
      },
      "@react-email/html@0.0.8_react@18.3.1": {
        "integrity": "sha512-arII3wBNLpeJtwyIJXPaILm5BPKhA+nvdC1F9QkuKcOBJv2zXctn8XzPqyGqDfdplV692ulNJP7XY55YqbKp6w==",
        "dependencies": {
          "react": "react@18.3.1"
        }
      },
      "@react-email/img@0.0.8_react@18.3.1": {
        "integrity": "sha512-jx/rPuKo31tV18fu7P5rRqelaH5wkhg83Dq7uLwJpfqhbi4KFBGeBfD0Y3PiLPPoh+WvYf+Adv9W2ghNW8nOMQ==",
        "dependencies": {
          "react": "react@18.3.1"
        }
      },
      "@react-email/link@0.0.8_react@18.3.1": {
        "integrity": "sha512-nVikuTi8WJHa6Baad4VuRUbUCa/7EtZ1Qy73TRejaCHn+vhetc39XGqHzKLNh+Z/JFL8Hv9g+4AgG16o2R0ogQ==",
        "dependencies": {
          "react": "react@18.3.1"
        }
      },
      "@react-email/markdown@0.0.10_react@18.3.1": {
        "integrity": "sha512-MH0xO+NJ4IuJcx9nyxbgGKAMXyudFjCZ0A2GQvuWajemW9qy2hgnJ3mW3/z5lwcenG+JPn7JyO/iZpizQ7u1tA==",
        "dependencies": {
          "md-to-react-email": "md-to-react-email@5.0.2_react@18.3.1",
          "react": "react@18.3.1"
        }
      },
      "@react-email/preview@0.0.9_react@18.3.1": {
        "integrity": "sha512-2fyAA/zzZYfYmxfyn3p2YOIU30klyA6Dq4ytyWq4nfzQWWglt5hNDE0cMhObvRtfjM9ghMSVtoELAb0MWiF/kw==",
        "dependencies": {
          "react": "react@18.3.1"
        }
      },
      "@react-email/render@0.0.15_react@18.3.1": {
        "integrity": "sha512-/pT5dBu0y1mogrfEpc002rgRcXpbShK6PFtxTVU6LZZ+bccvZPgk67HKc01lxpa1eYGQgZ6I+VQ02GRnMDclTg==",
        "dependencies": {
          "html-to-text": "html-to-text@9.0.5",
          "js-beautify": "js-beautify@1.15.1",
          "react": "react@18.3.1",
          "react-dom": "react-dom@18.3.1_react@18.3.1",
          "react-promise-suspense": "react-promise-suspense@0.3.4"
        }
      },
      "@react-email/render@0.0.16_react@18.3.1_react-dom@18.3.1__react@18.3.1": {
        "integrity": "sha512-wDaMy27xAq1cJHtSFptp0DTKPuV2GYhloqia95ub/DH9Dea1aWYsbdM918MOc/b/HvVS3w1z8DWzfAk13bGStQ==",
        "dependencies": {
          "html-to-text": "html-to-text@9.0.5",
          "js-beautify": "js-beautify@1.15.1",
          "react": "react@18.3.1",
          "react-dom": "react-dom@18.3.1_react@18.3.1",
          "react-promise-suspense": "react-promise-suspense@0.3.4"
        }
      },
      "@react-email/row@0.0.8_react@18.3.1": {
        "integrity": "sha512-JsB6pxs/ZyjYpEML3nbwJRGAerjcN/Pa/QG48XUwnT/MioDWrUuyQuefw+CwCrSUZ2P1IDrv2tUD3/E3xzcoKw==",
        "dependencies": {
          "react": "react@18.3.1"
        }
      },
      "@react-email/section@0.0.12_react@18.3.1": {
        "integrity": "sha512-UCD/N/BeOTN4h3VZBUaFdiSem6HnpuxD1Q51TdBFnqeNqS5hBomp8LWJJ9s4gzwHWk1XPdNfLA3I/fJwulJshg==",
        "dependencies": {
          "react": "react@18.3.1"
        }
      },
      "@react-email/tailwind@0.0.18_react@18.3.1": {
        "integrity": "sha512-ob8CXX/Pqq1U8YfL5OJTL48WJkixizyoXMMRYTiDLDN9LVLU7lSLtcK9kOD9CgFbO2yUPQr7/5+7gnQJ+cXa8Q==",
        "dependencies": {
          "react": "react@18.3.1"
        }
      },
      "@react-email/text@0.0.8_react@18.3.1": {
        "integrity": "sha512-uvN2TNWMrfC9wv/LLmMLbbEN1GrMWZb9dBK14eYxHHAEHCeyvGb5ePZZ2MPyzO7Y5yTC+vFEnCEr76V+hWMxCQ==",
        "dependencies": {
          "react": "react@18.3.1"
        }
      },
      "@selderee/plugin-htmlparser2@0.11.0": {
        "integrity": "sha512-P33hHGdldxGabLFjPPpaTxVolMrzrcegejx+0GxjrIb9Zv48D8yAIA/QTDR2dFl7Uz7urX8aX6+5bCZslr+gWQ==",
        "dependencies": {
          "domhandler": "domhandler@5.0.3",
          "selderee": "selderee@0.11.0"
        }
      },
      "abbrev@2.0.0": {
        "integrity": "sha512-6/mh1E2u2YgEsCHdY0Yx5oW+61gZU+1vXaoiHHrpKeuRNNgFvS+/jrwHiQhB5apAf5oB7UB7E19ol2R2LKH8hQ==",
        "dependencies": {}
      },
      "ansi-regex@5.0.1": {
        "integrity": "sha512-quJQXlTSUGL2LH9SUXo8VwsY4soanhgo6LNSm84E1LBcE8s3O0wpdiRzyR9z/ZZJMlMWv37qOOb9pdJlMUEKFQ==",
        "dependencies": {}
      },
      "ansi-regex@6.0.1": {
        "integrity": "sha512-n5M855fKb2SsfMIiFFoVrABHJC8QtHwVx+mHWP3QcEqBHYienj5dHSgjbxtC0WEZXYt4wcD6zrQElDPhFuZgfA==",
        "dependencies": {}
      },
      "ansi-styles@4.3.0": {
        "integrity": "sha512-zbB9rCJAT1rbjiVDb2hqKFHNYLxgtk8NURxZ3IZwD3F6NtxbXZQCnnSi1Lkx+IDohdPlFp222wVALIheZJQSEg==",
        "dependencies": {
          "color-convert": "color-convert@2.0.1"
        }
      },
      "ansi-styles@6.2.1": {
        "integrity": "sha512-bN798gFfQX+viw3R7yrGWRqnrN2oRkEkUjjl4JNn4E8GxxbjtG3FbrEIIY3l8/hrwUwIeCZvi4QuOTP4MErVug==",
        "dependencies": {}
      },
      "balanced-match@1.0.2": {
        "integrity": "sha512-3oSeUO0TMV67hN1AmbXsK4yaqU7tjiHlbxRDZOpH0KW9+CeX4bRAaX0Anxt0tx2MrpRpWwQaPwIlISEJhYU5Pw==",
        "dependencies": {}
      },
      "brace-expansion@2.0.1": {
        "integrity": "sha512-XnAIvQ8eM+kC6aULx6wuQiwVsnzsi9d3WxzV3FpWTGA19F621kwdbsAcFKXgKUHZWsy+mY6iL1sHTxWEFCytDA==",
        "dependencies": {
          "balanced-match": "balanced-match@1.0.2"
        }
      },
      "color-convert@2.0.1": {
        "integrity": "sha512-RRECPsj7iu/xb5oKYcsFHSppFNnsj/52OVTRKb4zP5onXwVF3zVmmToNcOfGC+CRDpfK/U584fMg38ZHCaElKQ==",
        "dependencies": {
          "color-name": "color-name@1.1.4"
        }
      },
      "color-name@1.1.4": {
        "integrity": "sha512-dOy+3AuW3a2wNbZHIuMZpTcgjGuLU/uBL/ubcZF9OXbDo8ff4O8yVp5Bf0efS8uEoYo5q4Fx7dY9OgQGXgAsQA==",
        "dependencies": {}
      },
      "commander@10.0.1": {
        "integrity": "sha512-y4Mg2tXshplEbSGzx7amzPwKKOCGuoSRP/CjEdwwk0FOGlUbq6lKuoyDZTNZkmxHdJtp54hdfY/JUrdL7Xfdug==",
        "dependencies": {}
      },
      "config-chain@1.1.13": {
        "integrity": "sha512-qj+f8APARXHrM0hraqXYb2/bOVSV4PvJQlNZ/DVj0QrmNM2q2euizkeuVckQ57J+W0mRH6Hvi+k50M4Jul2VRQ==",
        "dependencies": {
          "ini": "ini@1.3.8",
          "proto-list": "proto-list@1.2.4"
        }
      },
      "cross-spawn@7.0.3": {
        "integrity": "sha512-iRDPJKUPVEND7dHPO8rkbOnPpyDygcDFtWjpeWNCgy8WP2rXcxXL8TskReQl6OrB2G7+UJrags1q15Fudc7G6w==",
        "dependencies": {
          "path-key": "path-key@3.1.1",
          "shebang-command": "shebang-command@2.0.0",
          "which": "which@2.0.2"
        }
      },
      "deepmerge@4.3.1": {
        "integrity": "sha512-3sUqbMEc77XqpdNO7FRyRog+eW3ph+GYCbj+rK+uYyRMuwsVy0rMiVtPn+QJlKFvWP/1PYpapqYn0Me2knFn+A==",
        "dependencies": {}
      },
      "dom-serializer@2.0.0": {
        "integrity": "sha512-wIkAryiqt/nV5EQKqQpo3SToSOV9J0DnbJqwK7Wv/Trc92zIAYZ4FlMu+JPFW1DfGFt81ZTCGgDEabffXeLyJg==",
        "dependencies": {
          "domelementtype": "domelementtype@2.3.0",
          "domhandler": "domhandler@5.0.3",
          "entities": "entities@4.5.0"
        }
      },
      "domelementtype@2.3.0": {
        "integrity": "sha512-OLETBj6w0OsagBwdXnPdN0cnMfF9opN69co+7ZrbfPGrdpPVNBUj02spi6B1N7wChLQiPn4CSH/zJvXw56gmHw==",
        "dependencies": {}
      },
      "domhandler@5.0.3": {
        "integrity": "sha512-cgwlv/1iFQiFnU96XXgROh8xTeetsnJiDsTc7TYCLFd9+/WNkIqPTxiM/8pSd8VIrhXGTf1Ny1q1hquVqDJB5w==",
        "dependencies": {
          "domelementtype": "domelementtype@2.3.0"
        }
      },
      "domutils@3.1.0": {
        "integrity": "sha512-H78uMmQtI2AhgDJjWeQmHwJJ2bLPD3GMmO7Zja/ZZh84wkm+4ut+IUnUdRa8uCGX88DiVx1j6FRe1XfxEgjEZA==",
        "dependencies": {
          "dom-serializer": "dom-serializer@2.0.0",
          "domelementtype": "domelementtype@2.3.0",
          "domhandler": "domhandler@5.0.3"
        }
      },
      "eastasianwidth@0.2.0": {
        "integrity": "sha512-I88TYZWc9XiYHRQ4/3c5rjjfgkjhLyW2luGIheGERbNQ6OY7yTybanSpDXZa8y7VUP9YmDcYa+eyq4ca7iLqWA==",
        "dependencies": {}
      },
      "editorconfig@1.0.4": {
        "integrity": "sha512-L9Qe08KWTlqYMVvMcTIvMAdl1cDUubzRNYL+WfA4bLDMHe4nemKkpmYzkznE1FwLKu0EEmy6obgQKzMJrg4x9Q==",
        "dependencies": {
          "@one-ini/wasm": "@one-ini/wasm@0.1.1",
          "commander": "commander@10.0.1",
          "minimatch": "minimatch@9.0.1",
          "semver": "semver@7.6.2"
        }
      },
      "emoji-regex@8.0.0": {
        "integrity": "sha512-MSjYzcWNOA0ewAHpz0MxpYFvwg6yjy1NG3xteoqz644VCo/RPgnr1/GGt+ic3iJTzQ8Eu3TdM14SawnVUmGE6A==",
        "dependencies": {}
      },
      "emoji-regex@9.2.2": {
        "integrity": "sha512-L18DaJsXSUk2+42pv8mLs5jJT2hqFkFE4j21wOmgbUqsZ2hL72NsUU785g9RXgo3s0ZNgVl42TiHp3ZtOv/Vyg==",
        "dependencies": {}
      },
      "entities@4.5.0": {
        "integrity": "sha512-V0hjH4dGPh9Ao5p0MoRY6BVqtwCjhz6vI5LT8AJ55H+4g9/4vbHx1I54fS0XuclLhDHArPQCiMjDxjaL8fPxhw==",
        "dependencies": {}
      },
      "fast-deep-equal@2.0.1": {
        "integrity": "sha512-bCK/2Z4zLidyB4ReuIsvALH6w31YfAQDmXMqMx6FyfHqvBxtjC0eRumeSu4Bs3XtXwpyIywtSTrVT99BxY1f9w==",
        "dependencies": {}
      },
      "foreground-child@3.2.1": {
        "integrity": "sha512-PXUUyLqrR2XCWICfv6ukppP96sdFwWbNEnfEMt7jNsISjMsvaLNinAHNDYyvkyU+SZG2BTSbT5NjG+vZslfGTA==",
        "dependencies": {
          "cross-spawn": "cross-spawn@7.0.3",
          "signal-exit": "signal-exit@4.1.0"
        }
      },
      "glob@10.4.3": {
        "integrity": "sha512-Q38SGlYRpVtDBPSWEylRyctn7uDeTp4NQERTLiCT1FqA9JXPYWqAVmQU6qh4r/zMM5ehxTcbaO8EjhWnvEhmyg==",
        "dependencies": {
          "foreground-child": "foreground-child@3.2.1",
          "jackspeak": "jackspeak@3.4.1",
          "minimatch": "minimatch@9.0.5",
          "minipass": "minipass@7.1.2",
          "package-json-from-dist": "package-json-from-dist@1.0.0",
          "path-scurry": "path-scurry@1.11.1"
        }
      },
      "html-to-text@9.0.5": {
        "integrity": "sha512-qY60FjREgVZL03vJU6IfMV4GDjGBIoOyvuFdpBDIX9yTlDw0TjxVBQp+P8NvpdIXNJvfWBTNul7fsAQJq2FNpg==",
        "dependencies": {
          "@selderee/plugin-htmlparser2": "@selderee/plugin-htmlparser2@0.11.0",
          "deepmerge": "deepmerge@4.3.1",
          "dom-serializer": "dom-serializer@2.0.0",
          "htmlparser2": "htmlparser2@8.0.2",
          "selderee": "selderee@0.11.0"
        }
      },
      "htmlparser2@8.0.2": {
        "integrity": "sha512-GYdjWKDkbRLkZ5geuHs5NY1puJ+PXwP7+fHPRz06Eirsb9ugf6d8kkXav6ADhcODhFFPMIXyxkxSuMf3D6NCFA==",
        "dependencies": {
          "domelementtype": "domelementtype@2.3.0",
          "domhandler": "domhandler@5.0.3",
          "domutils": "domutils@3.1.0",
          "entities": "entities@4.5.0"
        }
      },
      "ini@1.3.8": {
        "integrity": "sha512-JV/yugV2uzW5iMRSiZAyDtQd+nxtUnjeLt0acNdw98kKLrvuRVyB80tsREOE7yvGVgalhZ6RNXCmEHkUKBKxew==",
        "dependencies": {}
      },
      "is-fullwidth-code-point@3.0.0": {
        "integrity": "sha512-zymm5+u+sCsSWyD9qNaejV3DFvhCKclKdizYaJUuHA83RLjb7nSuGnddCHGv0hk+KY7BMAlsWeK4Ueg6EV6XQg==",
        "dependencies": {}
      },
      "isexe@2.0.0": {
        "integrity": "sha512-RHxMLp9lnKHGHRng9QFhRCMbYAcVpn69smSGcq3f36xjgVVWThj4qqLbTLlq7Ssj8B+fIQ1EuCEGI2lKsyQeIw==",
        "dependencies": {}
      },
      "jackspeak@3.4.1": {
        "integrity": "sha512-U23pQPDnmYybVkYjObcuYMk43VRlMLLqLI+RdZy8s8WV8WsxO9SnqSroKaluuvcNOdCAlauKszDwd+umbot5Mg==",
        "dependencies": {
          "@isaacs/cliui": "@isaacs/cliui@8.0.2",
          "@pkgjs/parseargs": "@pkgjs/parseargs@0.11.0"
        }
      },
      "js-beautify@1.15.1": {
        "integrity": "sha512-ESjNzSlt/sWE8sciZH8kBF8BPlwXPwhR6pWKAw8bw4Bwj+iZcnKW6ONWUutJ7eObuBZQpiIb8S7OYspWrKt7rA==",
        "dependencies": {
          "config-chain": "config-chain@1.1.13",
          "editorconfig": "editorconfig@1.0.4",
          "glob": "glob@10.4.3",
          "js-cookie": "js-cookie@3.0.5",
          "nopt": "nopt@7.2.1"
        }
      },
      "js-cookie@3.0.5": {
        "integrity": "sha512-cEiJEAEoIbWfCZYKWhVwFuvPX1gETRYPw6LlaTKoxD3s2AkXzkCjnp6h0V77ozyqj0jakteJ4YqDJT830+lVGw==",
        "dependencies": {}
      },
      "js-tokens@4.0.0": {
        "integrity": "sha512-RdJUflcE3cUzKiMqQgsCu06FPu9UdIJO0beYbPhHN4k6apgJtifcoCtT9bcxOpYBtpD2kCM6Sbzg4CausW/PKQ==",
        "dependencies": {}
      },
      "leac@0.6.0": {
        "integrity": "sha512-y+SqErxb8h7nE/fiEX07jsbuhrpO9lL8eca7/Y1nuWV2moNlXhyd59iDGcRf6moVyDMbmTNzL40SUyrFU/yDpg==",
        "dependencies": {}
      },
      "loose-envify@1.4.0": {
        "integrity": "sha512-lyuxPGr/Wfhrlem2CL/UcnUc1zcqKAImBDzukY7Y5F/yQiNdko6+fRLevlw1HgMySw7f611UIY408EtxRSoK3Q==",
        "dependencies": {
          "js-tokens": "js-tokens@4.0.0"
        }
      },
      "lru-cache@10.3.1": {
        "integrity": "sha512-9/8QXrtbGeMB6LxwQd4x1tIMnsmUxMvIH/qWGsccz6bt9Uln3S+sgAaqfQNhbGA8ufzs2fHuP/yqapGgP9Hh2g==",
        "dependencies": {}
      },
      "marked@7.0.4": {
        "integrity": "sha512-t8eP0dXRJMtMvBojtkcsA7n48BkauktUKzfkPSCq85ZMTJ0v76Rke4DYz01omYpPTUh4p/f7HePgRo3ebG8+QQ==",
        "dependencies": {}
      },
      "md-to-react-email@5.0.2_react@18.3.1": {
        "integrity": "sha512-x6kkpdzIzUhecda/yahltfEl53mH26QdWu4abUF9+S0Jgam8P//Ciro8cdhyMHnT5MQUJYrIbO6ORM2UxPiNNA==",
        "dependencies": {
          "marked": "marked@7.0.4",
          "react": "react@18.3.1"
        }
      },
      "minimatch@9.0.1": {
        "integrity": "sha512-0jWhJpD/MdhPXwPuiRkCbfYfSKp2qnn2eOc279qI7f+osl/l+prKSrvhg157zSYvx/1nmgn2NqdT6k2Z7zSH9w==",
        "dependencies": {
          "brace-expansion": "brace-expansion@2.0.1"
        }
      },
      "minimatch@9.0.5": {
        "integrity": "sha512-G6T0ZX48xgozx7587koeX9Ys2NYy6Gmv//P89sEte9V9whIapMNF4idKxnW2QtCcLiTWlb/wfCabAtAFWhhBow==",
        "dependencies": {
          "brace-expansion": "brace-expansion@2.0.1"
        }
      },
      "minipass@7.1.2": {
        "integrity": "sha512-qOOzS1cBTWYF4BH8fVePDBOO9iptMnGUEZwNc/cMWnTV2nVLZ7VoNWEPHkYczZA0pdoA7dl6e7FL659nX9S2aw==",
        "dependencies": {}
      },
      "nopt@7.2.1": {
        "integrity": "sha512-taM24ViiimT/XntxbPyJQzCG+p4EKOpgD3mxFwW38mGjVUrfERQOeY4EDHjdnptttfHuHQXFx+lTP08Q+mLa/w==",
        "dependencies": {
          "abbrev": "abbrev@2.0.0"
        }
      },
      "package-json-from-dist@1.0.0": {
        "integrity": "sha512-dATvCeZN/8wQsGywez1mzHtTlP22H8OEfPrVMLNr4/eGa+ijtLn/6M5f0dY8UKNrC2O9UCU6SSoG3qRKnt7STw==",
        "dependencies": {}
      },
      "parseley@0.12.1": {
        "integrity": "sha512-e6qHKe3a9HWr0oMRVDTRhKce+bRO8VGQR3NyVwcjwrbhMmFCX9KszEV35+rn4AdilFAq9VPxP/Fe1wC9Qjd2lw==",
        "dependencies": {
          "leac": "leac@0.6.0",
          "peberminta": "peberminta@0.9.0"
        }
      },
      "path-key@3.1.1": {
        "integrity": "sha512-ojmeN0qd+y0jszEtoY48r0Peq5dwMEkIlCOu6Q5f41lfkswXuKtYrhgoTpLnyIcHm24Uhqx+5Tqm2InSwLhE6Q==",
        "dependencies": {}
      },
      "path-scurry@1.11.1": {
        "integrity": "sha512-Xa4Nw17FS9ApQFJ9umLiJS4orGjm7ZzwUrwamcGQuHSzDyth9boKDaycYdDcZDuqYATXw4HFXgaqWTctW/v1HA==",
        "dependencies": {
          "lru-cache": "lru-cache@10.3.1",
          "minipass": "minipass@7.1.2"
        }
      },
      "peberminta@0.9.0": {
        "integrity": "sha512-XIxfHpEuSJbITd1H3EeQwpcZbTLHc+VVr8ANI9t5sit565tsI4/xK3KWTUFE2e6QiangUkh3B0jihzmGnNrRsQ==",
        "dependencies": {}
      },
      "prismjs@1.29.0": {
        "integrity": "sha512-Kx/1w86q/epKcmte75LNrEoT+lX8pBpavuAbvJWRXar7Hz8jrtF+e3vY751p0R8H9HdArwaCTNDDzHg/ScJK1Q==",
        "dependencies": {}
      },
      "proto-list@1.2.4": {
        "integrity": "sha512-vtK/94akxsTMhe0/cbfpR+syPuszcuwhqVjJq26CuNDgFGj682oRBXOP5MJpv2r7JtE8MsiepGIqvvOTBwn2vA==",
        "dependencies": {}
      },
      "react-dom@18.3.1_react@18.3.1": {
        "integrity": "sha512-5m4nQKp+rZRb09LNH59GM4BxTh9251/ylbKIbpe7TpGxfJ+9kv6BLkLBXIjjspbgbnIBNqlI23tRnTWT0snUIw==",
        "dependencies": {
          "loose-envify": "loose-envify@1.4.0",
          "react": "react@18.3.1",
          "scheduler": "scheduler@0.23.2"
        }
      },
      "react-promise-suspense@0.3.4": {
        "integrity": "sha512-I42jl7L3Ze6kZaq+7zXWSunBa3b1on5yfvUW6Eo/3fFOj6dZ5Bqmcd264nJbTK/gn1HjjILAjSwnZbV4RpSaNQ==",
        "dependencies": {
          "fast-deep-equal": "fast-deep-equal@2.0.1"
        }
      },
      "react@18.3.1": {
        "integrity": "sha512-wS+hAgJShR0KhEvPJArfuPVN1+Hz1t0Y6n5jLrGQbkb4urgPE/0Rve+1kMB1v/oWgHgm4WIcV+i7F2pTVj+2iQ==",
        "dependencies": {
          "loose-envify": "loose-envify@1.4.0"
        }
      },
      "regenerator-runtime@0.14.1": {
        "integrity": "sha512-dYnhHh0nJoMfnkZs6GmmhFknAGRrLznOu5nc9ML+EJxGvrx6H7teuevqVqCuPcPK//3eDrrjQhehXVx9cnkGdw==",
        "dependencies": {}
      },
      "resend@3.4.0": {
        "integrity": "sha512-F3PVHdTHeLonSnrU5V6k8643LJ9QacLu3uI9M+BAFkmBmB1ELM2x7fdsziYZoSm6DmU6TKwiQCK0jf8dcNomcQ==",
        "dependencies": {
          "@react-email/render": "@react-email/render@0.0.15_react@18.3.1"
        }
      },
      "scheduler@0.23.2": {
        "integrity": "sha512-UOShsPwz7NrMUqhR6t0hWjFduvOzbtv7toDH1/hIrfRNIDBnnBWd0CwJTGvTpngVlmwGCdP9/Zl/tVrDqcuYzQ==",
        "dependencies": {
          "loose-envify": "loose-envify@1.4.0"
        }
      },
      "selderee@0.11.0": {
        "integrity": "sha512-5TF+l7p4+OsnP8BCCvSyZiSPc4x4//p5uPwK8TCnVPJYRmU2aYKMpOXvw8zM5a5JvuuCGN1jmsMwuU2W02ukfA==",
        "dependencies": {
          "parseley": "parseley@0.12.1"
        }
      },
      "semver@7.6.2": {
        "integrity": "sha512-FNAIBWCx9qcRhoHcgcJ0gvU7SN1lYU2ZXuSfl04bSC5OpvDHFyJCjdNHomPXxjQlCBU67YW64PzY7/VIEH7F2w==",
        "dependencies": {}
      },
      "shebang-command@2.0.0": {
        "integrity": "sha512-kHxr2zZpYtdmrN1qDjrrX/Z1rR1kG8Dx+gkpK1G4eXmvXswmcE1hTWBWYUzlraYw1/yZp6YuDY77YtvbN0dmDA==",
        "dependencies": {
          "shebang-regex": "shebang-regex@3.0.0"
        }
      },
      "shebang-regex@3.0.0": {
        "integrity": "sha512-7++dFhtcx3353uBaq8DDR4NuxBetBzC7ZQOhmTQInHEd6bSrXdiEyzCvG07Z44UYdLShWUyXt5M/yhz8ekcb1A==",
        "dependencies": {}
      },
      "signal-exit@4.1.0": {
        "integrity": "sha512-bzyZ1e88w9O1iNJbKnOlvYTrWPDl46O1bG0D3XInv+9tkPrxrN8jUUTiFlDkkmKWgn1M6CfIA13SuGqOa9Korw==",
        "dependencies": {}
      },
      "string-width@4.2.3": {
        "integrity": "sha512-wKyQRQpjJ0sIp62ErSZdGsjMJWsap5oRNihHhu6G7JVO/9jIB6UyevL+tXuOqrng8j/cxKTWyWUwvSTriiZz/g==",
        "dependencies": {
          "emoji-regex": "emoji-regex@8.0.0",
          "is-fullwidth-code-point": "is-fullwidth-code-point@3.0.0",
          "strip-ansi": "strip-ansi@6.0.1"
        }
      },
      "string-width@5.1.2": {
        "integrity": "sha512-HnLOCR3vjcY8beoNLtcjZ5/nxn2afmME6lhrDrebokqMap+XbeW8n9TXpPDOqdGK5qcI3oT0GKTW6wC7EMiVqA==",
        "dependencies": {
          "eastasianwidth": "eastasianwidth@0.2.0",
          "emoji-regex": "emoji-regex@9.2.2",
          "strip-ansi": "strip-ansi@7.1.0"
        }
      },
      "strip-ansi@6.0.1": {
        "integrity": "sha512-Y38VPSHcqkFrCpFnQ9vuSXmquuv5oXOKpGeT6aGrr3o3Gc9AlVa6JBfUSOCnbxGGZF+/0ooI7KrPuUSztUdU5A==",
        "dependencies": {
          "ansi-regex": "ansi-regex@5.0.1"
        }
      },
      "strip-ansi@7.1.0": {
        "integrity": "sha512-iq6eVVI64nQQTRYq2KtEg2d2uU7LElhTJwsH4YzIHZshxlgZms/wIc4VoDQTlG/IvVIrBKG06CrZnp0qv7hkcQ==",
        "dependencies": {
          "ansi-regex": "ansi-regex@6.0.1"
        }
      },
      "which@2.0.2": {
        "integrity": "sha512-BLI3Tl1TW3Pvl70l3yq3Y64i+awpwXqsGBYWkkqMtnbXgrMD+yj7rhW0kuEDxzJaYXGjEW5ogapKNMEKNMjibA==",
        "dependencies": {
          "isexe": "isexe@2.0.0"
        }
      },
      "wrap-ansi@7.0.0": {
        "integrity": "sha512-YVGIj2kamLSTxw6NsZjoBxfSwsn0ycdesmc4p+Q21c5zPuZ1pl+NfxVdxPtdHvmNVOQ6XSYG4AUtyt/Fi7D16Q==",
        "dependencies": {
          "ansi-styles": "ansi-styles@4.3.0",
          "string-width": "string-width@4.2.3",
          "strip-ansi": "strip-ansi@6.0.1"
        }
      },
      "wrap-ansi@8.1.0": {
        "integrity": "sha512-si7QWI6zUMq56bESFvagtmzMdGOtoxfR+Sez11Mobfc7tm+VkUckk9bW2UeffTGVUbOksxmSw0AA2gs8g71NCQ==",
        "dependencies": {
          "ansi-styles": "ansi-styles@6.2.1",
          "string-width": "string-width@5.1.2",
          "strip-ansi": "strip-ansi@7.1.0"
        }
      }
    }
  },
  "remote": {},
  "workspace": {
    "dependencies": [
      "npm:react"
    ]
  }
}
